
Microsoft Visual Studio Solution File, Format Version 12.00
# Visual Studio Version 17
VisualStudioVersion = 17.5.33516.290
MinimumVisualStudioVersion = 10.0.40219.1
Project("{FAE04EC0-301F-11D3-BF4B-00C04F79EFBC}") = "BasicCorePrograms", "BasicCorePrograms\BasicCorePrograms.csproj", "{D3E59232-3073-4297-9DD8-6467ECC13868}"
EndProject
Global
	GlobalSection(SolutionConfigurationPlatforms) = preSolution
		Debug|Any CPU = Debug|Any CPU
		Release|Any CPU = Release|Any CPU
	EndGlobalSection
	GlobalSection(ProjectConfigurationPlatforms) = postSolution
		{D3E59232-3073-4297-9DD8-6467ECC13868}.Debug|Any CPU.ActiveCfg = Debug|Any CPU
		{D3E59232-3073-4297-9DD8-6467ECC13868}.Debug|Any CPU.Build.0 = Debug|Any CPU
		{D3E59232-3073-4297-9DD8-6467ECC13868}.Release|Any CPU.ActiveCfg = Release|Any CPU
		{D3E59232-3073-4297-9DD8-6467ECC13868}.Release|Any CPU.Build.0 = Release|Any CPU
	EndGlobalSection
	GlobalSection(SolutionProperties) = preSolution
		HideSolutionNode = FALSE
	EndGlobalSection
	GlobalSection(ExtensibilityGlobals) = postSolution
		SolutionGuid = {5B8FB1A9-96BE-4703-9DD3-CAD6096CF5EB}
	EndGlobalSection
EndGlobal
